
Microsoft Visual Studio Solution File, Format Version 12.00
# Visual Studio Version 16
VisualStudioVersion = 16.0.31829.152
MinimumVisualStudioVersion = 10.0.40219.1
Project("{FAE04EC0-301F-11D3-BF4B-00C04F79EFBC}") = "Lab10", "Lab10\Lab10.csproj", "{8C3499CE-93F4-446E-ACEC-CE6851401E43}"
EndProject
Global
	GlobalSection(SolutionConfigurationPlatforms) = preSolution
		Debug|Any CPU = Debug|Any CPU
		Release|Any CPU = Release|Any CPU
	EndGlobalSection
	GlobalSection(ProjectConfigurationPlatforms) = postSolution
		{8C3499CE-93F4-446E-ACEC-CE6851401E43}.Debug|Any CPU.ActiveCfg = Debug|Any CPU
		{8C3499CE-93F4-446E-ACEC-CE6851401E43}.Debug|Any CPU.Build.0 = Debug|Any CPU
		{8C3499CE-93F4-446E-ACEC-CE6851401E43}.Release|Any CPU.ActiveCfg = Release|Any CPU
		{8C3499CE-93F4-446E-ACEC-CE6851401E43}.Release|Any CPU.Build.0 = Release|Any CPU
	EndGlobalSection
	GlobalSection(SolutionProperties) = preSolution
		HideSolutionNode = FALSE
	EndGlobalSection
	GlobalSection(ExtensibilityGlobals) = postSolution
		SolutionGuid = {DC756DE2-FBFC-42B3-8ECE-47C8D2091AF4}
	EndGlobalSection
EndGlobal
